
Microsoft Visual Studio Solution File, Format Version 12.00
Project("{FAE04EC0-301F-11D3-BF4B-00C04F79EFBC}") = "KT1_async", "KT1_async\KT1_async.csproj", "{8FA84527-55ED-45C8-98AF-3DCC0FCC5EBE}"
EndProject
Global
	GlobalSection(SolutionConfigurationPlatforms) = preSolution
		Debug|Any CPU = Debug|Any CPU
		Release|Any CPU = Release|Any CPU
	EndGlobalSection
	GlobalSection(ProjectConfigurationPlatforms) = postSolution
		{8FA84527-55ED-45C8-98AF-3DCC0FCC5EBE}.Debug|Any CPU.ActiveCfg = Debug|Any CPU
		{8FA84527-55ED-45C8-98AF-3DCC0FCC5EBE}.Debug|Any CPU.Build.0 = Debug|Any CPU
		{8FA84527-55ED-45C8-98AF-3DCC0FCC5EBE}.Release|Any CPU.ActiveCfg = Release|Any CPU
		{8FA84527-55ED-45C8-98AF-3DCC0FCC5EBE}.Release|Any CPU.Build.0 = Release|Any CPU
	EndGlobalSection
EndGlobal
